
Microsoft Visual Studio Solution File, Format Version 12.00
# Visual Studio Version 16
VisualStudioVersion = 16.0.31624.102
MinimumVisualStudioVersion = 10.0.40219.1
Project("{FAE04EC0-301F-11D3-BF4B-00C04F79EFBC}") = "TicTacToeS1", "TicTacToeS1\TicTacToeS1.csproj", "{FA6F5A37-D32D-4076-9688-585F36F2B2DD}"
EndProject
Global
	GlobalSection(SolutionConfigurationPlatforms) = preSolution
		Debug|Any CPU = Debug|Any CPU
		Release|Any CPU = Release|Any CPU
	EndGlobalSection
	GlobalSection(ProjectConfigurationPlatforms) = postSolution
		{FA6F5A37-D32D-4076-9688-585F36F2B2DD}.Debug|Any CPU.ActiveCfg = Debug|Any CPU
		{FA6F5A37-D32D-4076-9688-585F36F2B2DD}.Debug|Any CPU.Build.0 = Debug|Any CPU
		{FA6F5A37-D32D-4076-9688-585F36F2B2DD}.Release|Any CPU.ActiveCfg = Release|Any CPU
		{FA6F5A37-D32D-4076-9688-585F36F2B2DD}.Release|Any CPU.Build.0 = Release|Any CPU
	EndGlobalSection
	GlobalSection(SolutionProperties) = preSolution
		HideSolutionNode = FALSE
	EndGlobalSection
	GlobalSection(ExtensibilityGlobals) = postSolution
		SolutionGuid = {D8811BC2-F27C-4A3F-94AC-5F673AA35B7A}
	EndGlobalSection
EndGlobal
